// !$*UTF8*$!
{
	archiveVersion = 1;
	classes = {
	};
	objectVersion = 50;
	objects = {

/* Begin PBXBuildFile section */
		3F6450F626415DE300DD637E /* wannWatchApp.swift in Sources */ = {isa = PBXBuildFile; fileRef = 3F6450F526415DE300DD637E /* wannWatchApp.swift */; };
		3F6450F826415DE300DD637E /* ContentView.swift in Sources */ = {isa = PBXBuildFile; fileRef = 3F6450F726415DE300DD637E /* ContentView.swift */; };
		3F6450FA26415DE400DD637E /* Assets.xcassets in Resources */ = {isa = PBXBuildFile; fileRef = 3F6450F926415DE400DD637E /* Assets.xcassets */; };
		3F6450FD26415DE400DD637E /* Preview Assets.xcassets in Resources */ = {isa = PBXBuildFile; fileRef = 3F6450FC26415DE400DD637E /* Preview Assets.xcassets */; };
		3F645109264172E700DD637E /* MovieModel.swift in Sources */ = {isa = PBXBuildFile; fileRef = 3F645108264172E700DD637E /* MovieModel.swift */; };
		3F64510D264174CC00DD637E /* MovieDTOModel.swift in Sources */ = {isa = PBXBuildFile; fileRef = 3F64510C264174CC00DD637E /* MovieDTOModel.swift */; };
/* End PBXBuildFile section */

/* Begin PBXFileReference section */
		3F6450F226415DE300DD637E /* wannWatch.app */ = {isa = PBXFileReference; explicitFileType = wrapper.application; includeInIndex = 0; path = wannWatch.app; sourceTree = BUILT_PRODUCTS_DIR; };
		3F6450F526415DE300DD637E /* wannWatchApp.swift */ = {isa = PBXFileReference; lastKnownFileType = sourcecode.swift; path = wannWatchApp.swift; sourceTree = "<group>"; };
		3F6450F726415DE300DD637E /* ContentView.swift */ = {isa = PBXFileReference; lastKnownFileType = sourcecode.swift; path = ContentView.swift; sourceTree = "<group>"; };
		3F6450F926415DE400DD637E /* Assets.xcassets */ = {isa = PBXFileReference; lastKnownFileType = folder.assetcatalog; path = Assets.xcassets; sourceTree = "<group>"; };
		3F6450FC26415DE400DD637E /* Preview Assets.xcassets */ = {isa = PBXFileReference; lastKnownFileType = folder.assetcatalog; path = "Preview Assets.xcassets"; sourceTree = "<group>"; };
		3F6450FE26415DE400DD637E /* Info.plist */ = {isa = PBXFileReference; lastKnownFileType = text.plist.xml; path = Info.plist; sourceTree = "<group>"; };
		3F645108264172E700DD637E /* MovieModel.swift */ = {isa = PBXFileReference; lastKnownFileType = sourcecode.swift; name = MovieModel.swift; path = ../../../../MovieModel.swift; sourceTree = "<group>"; };
		3F64510C264174CC00DD637E /* MovieDTOModel.swift */ = {isa = PBXFileReference; lastKnownFileType = sourcecode.swift; path = MovieDTOModel.swift; sourceTree = "<group>"; };
/* End PBXFileReference section */

/* Begin PBXFrameworksBuildPhase section */
		3F6450EF26415DE300DD637E /* Frameworks */ = {
			isa = PBXFrameworksBuildPhase;
			buildActionMask = 2147483647;
			files = (
			);
			runOnlyForDeploymentPostprocessing = 0;
		};
/* End PBXFrameworksBuildPhase section */

/* Begin PBXGroup section */
		3F6450E926415DE300DD637E = {
			isa = PBXGroup;
			children = (
				3F6450F426415DE300DD637E /* wannWatch */,
				3F6450F326415DE300DD637E /* Products */,
			);
			sourceTree = "<group>";
		};
		3F6450F326415DE300DD637E /* Products */ = {
			isa = PBXGroup;
			children = (
				3F6450F226415DE300DD637E /* wannWatch.app */,
			);
			name = Products;
			sourceTree = "<group>";
		};
		3F6450F426415DE300DD637E /* wannWatch */ = {
			isa = PBXGroup;
			children = (
				3F6451062641696300DD637E /* Data */,
				3F6450F526415DE300DD637E /* wannWatchApp.swift */,
				3F6450F726415DE300DD637E /* ContentView.swift */,
				3F6450F926415DE400DD637E /* Assets.xcassets */,
				3F6450FE26415DE400DD637E /* Info.plist */,
				3F6450FB26415DE400DD637E /* Preview Content */,
			);
			path = wannWatch;
			sourceTree = "<group>";
		};
		3F6450FB26415DE400DD637E /* Preview Content */ = {
			isa = PBXGroup;
			children = (
				3F6450FC26415DE400DD637E /* Preview Assets.xcassets */,
			);
			path = "Preview Content";
			sourceTree = "<group>";
		};
		3F6451062641696300DD637E /* Data */ = {
			isa = PBXGroup;
			children = (
				3F6451072641697000DD637E /* Models */,
			);
			path = Data;
			sourceTree = "<group>";
		};
		3F6451072641697000DD637E /* Models */ = {
			isa = PBXGroup;
			children = (
				3F645108264172E700DD637E /* MovieModel.swift */,
				3F64510C264174CC00DD637E /* MovieDTOModel.swift */,
			);
			path = Models;
			sourceTree = "<group>";
		};
/* End PBXGroup section */

/* Begin PBXNativeTarget section */
		3F6450F126415DE300DD637E /* wannWatch */ = {
			isa = PBXNativeTarget;
			buildConfigurationList = 3F64510126415DE400DD637E /* Build configuration list for PBXNativeTarget "wannWatch" */;
			buildPhases = (
				3F6450EE26415DE300DD637E /* Sources */,
				3F6450EF26415DE300DD637E /* Frameworks */,
				3F6450F026415DE300DD637E /* Resources */,
			);
			buildRules = (
			);
			dependencies = (
			);
			name = wannWatch;
			productName = wannWatch;
			productReference = 3F6450F226415DE300DD637E /* wannWatch.app */;
			productType = "com.apple.product-type.application";
		};
/* End PBXNativeTarget section */

/* Begin PBXProject section */
		3F6450EA26415DE300DD637E /* Project object */ = {
			isa = PBXProject;
			attributes = {
				LastSwiftUpdateCheck = 1230;
				LastUpgradeCheck = 1230;
				TargetAttributes = {
					3F6450F126415DE300DD637E = {
						CreatedOnToolsVersion = 12.3;
					};
				};
			};
			buildConfigurationList = 3F6450ED26415DE300DD637E /* Build configuration list for PBXProject "wannWatch" */;
			compatibilityVersion = "Xcode 9.3";
			developmentRegion = en;
			hasScannedForEncodings = 0;
			knownRegions = (
				en,
				Base,
			);
			mainGroup = 3F6450E926415DE300DD637E;
			productRefGroup = 3F6450F326415DE300DD637E /* Products */;
			projectDirPath = "";
			projectRoot = "";
			targets = (
				3F6450F126415DE300DD637E /* wannWatch */,
			);
		};
/* End PBXProject section */

/* Begin PBXResourcesBuildPhase section */
		3F6450F026415DE300DD637E /* Resources */ = {
			isa = PBXResourcesBuildPhase;
			buildActionMask = 2147483647;
			files = (
				3F6450FD26415DE400DD637E /* Preview Assets.xcassets in Resources */,
				3F6450FA26415DE400DD637E /* Assets.xcassets in Resources */,
			);
			runOnlyForDeploymentPostprocessing = 0;
		};
/* End PBXResourcesBuildPhase section */

/* Begin PBXSourcesBuildPhase section */
		3F6450EE26415DE300DD637E /* Sources */ = {
			isa = PBXSourcesBuildPhase;
			buildActionMask = 2147483647;
			files = (
				3F64510D264174CC00DD637E /* MovieDTOModel.swift in Sources */,
				3F645109264172E700DD637E /* MovieModel.swift in Sources */,
				3F6450F826415DE300DD637E /* ContentView.swift in Sources */,
				3F6450F626415DE300DD637E /* wannWatchApp.swift in Sources */,
			);
			runOnlyForDeploymentPostprocessing = 0;
		};
/* End PBXSourcesBuildPhase section */

/* Begin XCBuildConfiguration section */
		3F6450FF26415DE400DD637E /* Debug */ = {
			isa = XCBuildConfiguration;
			buildSettings = {
				ALWAYS_SEARCH_USER_PATHS = NO;
				CLANG_ANALYZER_NONNULL = YES;
				CLANG_ANALYZER_NUMBER_OBJECT_CONVERSION = YES_AGGRESSIVE;
				CLANG_CXX_LANGUAGE_STANDARD = "gnu++14";
				CLANG_CXX_LIBRARY = "libc++";
				CLANG_ENABLE_MODULES = YES;
				CLANG_ENABLE_OBJC_ARC = YES;
				CLANG_ENABLE_OBJC_WEAK = YES;
				CLANG_WARN_BLOCK_CAPTURE_AUTORELEASING = YES;
				CLANG_WARN_BOOL_CONVERSION = YES;
				CLANG_WARN_COMMA = YES;
				CLANG_WARN_CONSTANT_CONVERSION = YES;
				CLANG_WARN_DEPRECATED_OBJC_IMPLEMENTATIONS = YES;
				CLANG_WARN_DIRECT_OBJC_ISA_USAGE = YES_ERROR;
				CLANG_WARN_DOCUMENTATION_COMMENTS = YES;
				CLANG_WARN_EMPTY_BODY = YES;
				CLANG_WARN_ENUM_CONVERSION = YES;
				CLANG_WARN_INFINITE_RECURSION = YES;
				CLANG_WARN_INT_CONVERSION = YES;
				CLANG_WARN_NON_LITERAL_NULL_CONVERSION = YES;
				CLANG_WARN_OBJC_IMPLICIT_RETAIN_SELF = YES;
				CLANG_WARN_OBJC_LITERAL_CONVERSION = YES;
				CLANG_WARN_OBJC_ROOT_CLASS = YES_ERROR;
				CLANG_WARN_QUOTED_INCLUDE_IN_FRAMEWORK_HEADER = YES;
				CLANG_WARN_RANGE_LOOP_ANALYSIS = YES;
				CLANG_WARN_STRICT_PROTOTYPES = YES;
				CLANG_WARN_SUSPICIOUS_MOVE = YES;
				CLANG_WARN_UNGUARDED_AVAILABILITY = YES_AGGRESSIVE;
				CLANG_WARN_UNREACHABLE_CODE = YES;
				CLANG_WARN__DUPLICATE_METHOD_MATCH = YES;
				COPY_PHASE_STRIP = NO;
				DEBUG_INFORMATION_FORMAT = dwarf;
				ENABLE_STRICT_OBJC_MSGSEND = YES;
				ENABLE_TESTABILITY = YES;
				GCC_C_LANGUAGE_STANDARD = gnu11;
				GCC_DYNAMIC_NO_PIC = NO;
				GCC_NO_COMMON_BLOCKS = YES;
				GCC_OPTIMIZATION_LEVEL = 0;
				GCC_PREPROCESSOR_DEFINITIONS = (
					"DEBUG=1",
					"$(inherited)",
				);
				GCC_WARN_64_TO_32_BIT_CONVERSION = YES;
				GCC_WARN_ABOUT_RETURN_TYPE = YES_ERROR;
				GCC_WARN_UNDECLARED_SELECTOR = YES;
				GCC_WARN_UNINITIALIZED_AUTOS = YES_AGGRESSIVE;
				GCC_WARN_UNUSED_FUNCTION = YES;
				GCC_WARN_UNUSED_VARIABLE = YES;
				IPHONEOS_DEPLOYMENT_TARGET = 14.3;
				MTL_ENABLE_DEBUG_INFO = INCLUDE_SOURCE;
				MTL_FAST_MATH = YES;
				ONLY_ACTIVE_ARCH = YES;
				SDKROOT = iphoneos;
				SWIFT_ACTIVE_COMPILATION_CONDITIONS = DEBUG;
				SWIFT_OPTIMIZATION_LEVEL = "-Onone";
			};
			name = Debug;
		};
		3F64510026415DE400DD637E /* Release */ = {
			isa = XCBuildConfiguration;
			buildSettings = {
				ALWAYS_SEARCH_USER_PATHS = NO;
				CLANG_ANALYZER_NONNULL = YES;
				CLANG_ANALYZER_NUMBER_OBJECT_CONVERSION = YES_AGGRESSIVE;
				CLANG_CXX_LANGUAGE_STANDARD = "gnu++14";
				CLANG_CXX_LIBRARY = "libc++";
				CLANG_ENABLE_MODULES = YES;
				CLANG_ENABLE_OBJC_ARC = YES;
				CLANG_ENABLE_OBJC_WEAK = YES;
				CLANG_WARN_BLOCK_CAPTURE_AUTORELEASING = YES;
				CLANG_WARN_BOOL_CONVERSION = YES;
				CLANG_WARN_COMMA = YES;
				CLANG_WARN_CONSTANT_CONVERSION = YES;
				CLANG_WARN_DEPRECATED_OBJC_IMPLEMENTATIONS = YES;
				CLANG_WARN_DIRECT_OBJC_ISA_USAGE = YES_ERROR;
				CLANG_WARN_DOCUMENTATION_COMMENTS = YES;
				CLANG_WARN_EMPTY_BODY = YES;
				CLANG_WARN_ENUM_CONVERSION = YES;
				CLANG_WARN_INFINITE_RECURSION = YES;
				CLANG_WARN_INT_CONVERSION = YES;
				CLANG_WARN_NON_LITERAL_NULL_CONVERSION = YES;
				CLANG_WARN_OBJC_IMPLICIT_RETAIN_SELF = YES;
				CLANG_WARN_OBJC_LITERAL_CONVERSION = YES;
				CLANG_WARN_OBJC_ROOT_CLASS = YES_ERROR;
				CLANG_WARN_QUOTED_INCLUDE_IN_FRAMEWORK_HEADER = YES;
				CLANG_WARN_RANGE_LOOP_ANALYSIS = YES;
				CLANG_WARN_STRICT_PROTOTYPES = YES;
				CLANG_WARN_SUSPICIOUS_MOVE = YES;
				CLANG_WARN_UNGUARDED_AVAILABILITY = YES_AGGRESSIVE;
				CLANG_WARN_UNREACHABLE_CODE = YES;
				CLANG_WARN__DUPLICATE_METHOD_MATCH = YES;
				COPY_PHASE_STRIP = NO;
				DEBUG_INFORMATION_FORMAT = "dwarf-with-dsym";
				ENABLE_NS_ASSERTIONS = NO;
				ENABLE_STRICT_OBJC_MSGSEND = YES;
				GCC_C_LANGUAGE_STANDARD = gnu11;
				GCC_NO_COMMON_BLOCKS = YES;
				GCC_WARN_64_TO_32_BIT_CONVERSION = YES;
				GCC_WARN_ABOUT_RETURN_TYPE = YES_ERROR;
				GCC_WARN_UNDECLARED_SELECTOR = YES;
				GCC_WARN_UNINITIALIZED_AUTOS = YES_AGGRESSIVE;
				GCC_WARN_UNUSED_FUNCTION = YES;
				GCC_WARN_UNUSED_VARIABLE = YES;
				IPHONEOS_DEPLOYMENT_TARGET = 14.3;
				MTL_ENABLE_DEBUG_INFO = NO;
				MTL_FAST_MATH = YES;
				SDKROOT = iphoneos;
				SWIFT_COMPILATION_MODE = wholemodule;
				SWIFT_OPTIMIZATION_LEVEL = "-O";
				VALIDATE_PRODUCT = YES;
			};
			name = Release;
		};
		3F64510226415DE400DD637E /* Debug */ = {
			isa = XCBuildConfiguration;
			buildSettings = {
				ASSETCATALOG_COMPILER_APPICON_NAME = AppIcon;
				ASSETCATALOG_COMPILER_GLOBAL_ACCENT_COLOR_NAME = AccentColor;
				CODE_SIGN_STYLE = Automatic;
				DEVELOPMENT_ASSET_PATHS = "\"wannWatch/Preview Content\"";
				DEVELOPMENT_TEAM = Y25HCVP446;
				ENABLE_PREVIEWS = YES;
				INFOPLIST_FILE = wannWatch/Info.plist;
				IPHONEOS_DEPLOYMENT_TARGET = 14.0;
				LD_RUNPATH_SEARCH_PATHS = (
					"$(inherited)",
					"@executable_path/Frameworks",
				);
				PRODUCT_BUNDLE_IDENTIFIER = de.kluk.wannWatch;
				PRODUCT_NAME = "$(TARGET_NAME)";
				SWIFT_VERSION = 5.0;
				TARGETED_DEVICE_FAMILY = "1,2";
			};
			name = Debug;
		};
		3F64510326415DE400DD637E /* Release */ = {
			isa = XCBuildConfiguration;
			buildSettings = {
				ASSETCATALOG_COMPILER_APPICON_NAME = AppIcon;
				ASSETCATALOG_COMPILER_GLOBAL_ACCENT_COLOR_NAME = AccentColor;
				CODE_SIGN_STYLE = Automatic;
				DEVELOPMENT_ASSET_PATHS = "\"wannWatch/Preview Content\"";
				DEVELOPMENT_TEAM = Y25HCVP446;
				ENABLE_PREVIEWS = YES;
				INFOPLIST_FILE = wannWatch/Info.plist;
				IPHONEOS_DEPLOYMENT_TARGET = 14.0;
				LD_RUNPATH_SEARCH_PATHS = (
					"$(inherited)",
					"@executable_path/Frameworks",
				);
				PRODUCT_BUNDLE_IDENTIFIER = de.kluk.wannWatch;
				PRODUCT_NAME = "$(TARGET_NAME)";
				SWIFT_VERSION = 5.0;
				TARGETED_DEVICE_FAMILY = "1,2";
			};
			name = Release;
		};
/* End XCBuildConfiguration section */

/* Begin XCConfigurationList section */
		3F6450ED26415DE300DD637E /* Build configuration list for PBXProject "wannWatch" */ = {
			isa = XCConfigurationList;
			buildConfigurations = (
				3F6450FF26415DE400DD637E /* Debug */,
				3F64510026415DE400DD637E /* Release */,
			);
			defaultConfigurationIsVisible = 0;
			defaultConfigurationName = Release;
		};
		3F64510126415DE400DD637E /* Build configuration list for PBXNativeTarget "wannWatch" */ = {
			isa = XCConfigurationList;
			buildConfigurations = (
				3F64510226415DE400DD637E /* Debug */,
				3F64510326415DE400DD637E /* Release */,
			);
			defaultConfigurationIsVisible = 0;
			defaultConfigurationName = Release;
		};
/* End XCConfigurationList section */
	};
	rootObject = 3F6450EA26415DE300DD637E /* Project object */;
}
